
Microsoft Visual Studio Solution File, Format Version 12.00
# Visual Studio 15
VisualStudioVersion = 15.0.33026.149
MinimumVisualStudioVersion = 10.0.40219.1
Project("{8BC9CEB8-8B4A-11D0-8D11-00A0C91BC942}") = "OOP_Lab1", "OOP_Lab1\OOP_Lab1.vcxproj", "{85DB7B33-7233-4A5D-95A1-CA576E181393}"
EndProject
Global
	GlobalSection(SolutionConfigurationPlatforms) = preSolution
		Debug|x64 = Debug|x64
		Debug|x86 = Debug|x86
		Release|x64 = Release|x64
		Release|x86 = Release|x86
	EndGlobalSection
	GlobalSection(ProjectConfigurationPlatforms) = postSolution
		{85DB7B33-7233-4A5D-95A1-CA576E181393}.Debug|x64.ActiveCfg = Debug|x64
		{85DB7B33-7233-4A5D-95A1-CA576E181393}.Debug|x64.Build.0 = Debug|x64
		{85DB7B33-7233-4A5D-95A1-CA576E181393}.Debug|x86.ActiveCfg = Debug|Win32
		{85DB7B33-7233-4A5D-95A1-CA576E181393}.Debug|x86.Build.0 = Debug|Win32
		{85DB7B33-7233-4A5D-95A1-CA576E181393}.Release|x64.ActiveCfg = Release|x64
		{85DB7B33-7233-4A5D-95A1-CA576E181393}.Release|x64.Build.0 = Release|x64
		{85DB7B33-7233-4A5D-95A1-CA576E181393}.Release|x86.ActiveCfg = Release|Win32
		{85DB7B33-7233-4A5D-95A1-CA576E181393}.Release|x86.Build.0 = Release|Win32
	EndGlobalSection
	GlobalSection(SolutionProperties) = preSolution
		HideSolutionNode = FALSE
	EndGlobalSection
	GlobalSection(ExtensibilityGlobals) = postSolution
		SolutionGuid = {3862AAA9-81B3-4EF9-A938-E9D3358A9E34}
	EndGlobalSection
EndGlobal
